version = 1
revision = 3
requires-python = ">=3.14"

[manifest]
members = [
    "tmsgpack",
    "yb-tools",
]

[[package]]
name = "colorama"
version = "0.4.6"
source = { registry = "https://pypi.org/simple" }
sdist = { url = "https://files.pythonhosted.org/packages/d8/53/6f443c9a4a8358a93a6792e2acffb9d9d5cb0a5cfd8802644b7b1c9a02e4/colorama-0.4.6.tar.gz", hash = "sha256:08695f5cb7ed6e0531a20572697297273c47b8cae5a63ffc6d6ed5c201be6e44", size = 27697, upload-time = "2022-10-25T02:36:22.414Z" }
wheels = [
    { url = "https://files.pythonhosted.org/packages/d1/d6/3965ed04c63042e047cb6a3e6ed1a63a35087b6a609aa3a15ed8ac56c221/colorama-0.4.6-py2.py3-none-any.whl", hash = "sha256:4f1d9991f5acc0ca119f9d443620b77f9d6b33703e51011c16baf57afb285fc6", size = 25335, upload-time = "2022-10-25T02:36:20.889Z" },
]

[[package]]
name = "iniconfig"
version = "2.3.0"
source = { registry = "https://pypi.org/simple" }
sdist = { url = "https://files.pythonhosted.org/packages/72/34/14ca021ce8e5dfedc35312d08ba8bf51fdd999c576889fc2c24cb97f4f10/iniconfig-2.3.0.tar.gz", hash = "sha256:c76315c77db068650d49c5b56314774a7804df16fee4402c1f19d6d15d8c4730", size = 20503, upload-time = "2025-10-18T21:55:43.219Z" }
wheels = [
    { url = "https://files.pythonhosted.org/packages/cb/b1/3846dd7f199d53cb17f49cba7e651e9ce294d8497c8c150530ed11865bb8/iniconfig-2.3.0-py3-none-any.whl", hash = "sha256:f631c04d2c48c52b84d0d0549c99ff3859c98df65b3101406327ecc7d53fbf12", size = 7484, upload-time = "2025-10-18T21:55:41.639Z" },
]

[[package]]
name = "packaging"
version = "26.2"
source = { registry = "https://pypi.org/simple" }
sdist = { url = "https://files.pythonhosted.org/packages/d7/f1/e7a6dd94a8d4a5626c03e4e99c87f241ba9e350cd9e6d75123f992427270/packaging-26.2.tar.gz", hash = "sha256:ff452ff5a3e828ce110190feff1178bb1f2ea2281fa2075aadb987c2fb221661", size = 228134, upload-time = "2026-04-24T20:15:23.917Z" }
wheels = [
    { url = "https://files.pythonhosted.org/packages/df/b2/87e62e8c3e2f4b32e5fe99e0b86d576da1312593b39f47d8ceef365e95ed/packaging-26.2-py3-none-any.whl", hash = "sha256:5fc45236b9446107ff2415ce77c807cee2862cb6fac22b8a73826d0693b0980e", size = 100195, upload-time = "2026-04-24T20:15:22.081Z" },
]

[[package]]
name = "pluggy"
version = "1.6.0"
source = { registry = "https://pypi.org/simple" }
sdist = { url = "https://files.pythonhosted.org/packages/f9/e2/3e91f31a7d2b083fe6ef3fa267035b518369d9511ffab804f839851d2779/pluggy-1.6.0.tar.gz", hash = "sha256:7dcc130b76258d33b90f61b658791dede3486c3e6bfb003ee5c9bfb396dd22f3", size = 69412, upload-time = "2025-05-15T12:30:07.975Z" }
wheels = [
    { url = "https://files.pythonhosted.org/packages/54/20/4d324d65cc6d9205fabedc306948156824eb9f0ee1633355a8f7ec5c66bf/pluggy-1.6.0-py3-none-any.whl", hash = "sha256:e920276dd6813095e9377c0bc5566d94c932c33b27a3e3945d8389c374dd4746", size = 20538, upload-time = "2025-05-15T12:30:06.134Z" },
]

[[package]]
name = "pygments"
version = "2.20.0"
source = { registry = "https://pypi.org/simple" }
sdist = { url = "https://files.pythonhosted.org/packages/c3/b2/bc9c9196916376152d655522fdcebac55e66de6603a76a02bca1b6414f6c/pygments-2.20.0.tar.gz", hash = "sha256:6757cd03768053ff99f3039c1a36d6c0aa0b263438fcab17520b30a303a82b5f", size = 4955991, upload-time = "2026-03-29T13:29:33.898Z" }
wheels = [
    { url = "https://files.pythonhosted.org/packages/f4/7e/a72dd26f3b0f4f2bf1dd8923c85f7ceb43172af56d63c7383eb62b332364/pygments-2.20.0-py3-none-any.whl", hash = "sha256:81a9e26dd42fd28a23a2d169d86d7ac03b46e2f8b59ed4698fb4785f946d0176", size = 1231151, upload-time = "2026-03-29T13:29:30.038Z" },
]

[[package]]
name = "pytest"
version = "9.1.1"
source = { registry = "https://pypi.org/simple" }
dependencies = [
    { name = "colorama", marker = "sys_platform == 'win32'" },
    { name = "iniconfig" },
    { name = "packaging" },
    { name = "pluggy" },
    { name = "pygments" },
]
sdist = { url = "https://files.pythonhosted.org/packages/e4/47/b9efed96c114afcfa3c9d3fe98a76a1d14c74a9e266d397cf6eb64be5e01/pytest-9.1.1.tar.gz", hash = "sha256:1088fbde8f2b49d95a549a195707afa7a76a3ce9bcadc26b6d71f0ffda5fe313", size = 1636369, upload-time = "2026-06-19T10:58:32.857Z" }
wheels = [
    { url = "https://files.pythonhosted.org/packages/24/25/1de2678b631f5a49215c6c96fff41ba892b0a34df68d6d80292b1b48aa7f/pytest-9.1.1-py3-none-any.whl", hash = "sha256:37a86b45efb9a47a61a36449063e8e18d0cab3161329fc099eb21783169c4f0c", size = 386536, upload-time = "2026-06-19T10:58:31.347Z" },
]

[[package]]
name = "pytest-asyncio"
version = "1.4.0"
source = { registry = "https://pypi.org/simple" }
dependencies = [
    { name = "pytest" },
]
sdist = { url = "https://files.pythonhosted.org/packages/43/7c/d36d04db312ecf4298932ef77e6e4a9e8ad017906e24e34f0b0c361a2473/pytest_asyncio-1.4.0.tar.gz", hash = "sha256:c6c0d2259945122819f171a32ecea2c349ead889ee28176caaf492143424be42", size = 58514, upload-time = "2026-05-26T09:56:04.083Z" }
wheels = [
    { url = "https://files.pythonhosted.org/packages/03/e2/08a497ef684b88559c9cc5f4ad53a37e7b99e727094a86d6ea32536d5d3c/pytest_asyncio-1.4.0-py3-none-any.whl", hash = "sha256:933ca923a23075a87fb7070c0ec272a6848489824d887c85c812670932835aa1", size = 16930, upload-time = "2026-05-26T09:56:02.576Z" },
]

[[package]]
name = "pytest-timeout"
version = "2.4.0"
source = { registry = "https://pypi.org/simple" }
dependencies = [
    { name = "pytest" },
]
sdist = { url = "https://files.pythonhosted.org/packages/ac/82/4c9ecabab13363e72d880f2fb504c5f750433b2b6f16e99f4ec21ada284c/pytest_timeout-2.4.0.tar.gz", hash = "sha256:7e68e90b01f9eff71332b25001f85c75495fc4e3a836701876183c4bcfd0540a", size = 17973, upload-time = "2025-05-05T19:44:34.99Z" }
wheels = [
    { url = "https://files.pythonhosted.org/packages/fa/b6/3127540ecdf1464a00e5a01ee60a1b09175f6913f0644ac748494d9c4b21/pytest_timeout-2.4.0-py3-none-any.whl", hash = "sha256:c42667e5cdadb151aeb5b26d114aff6bdf5a907f176a007a30b940d3d865b5c2", size = 14382, upload-time = "2025-05-05T19:44:33.502Z" },
]

[[package]]
name = "tmsgpack"
version = "0.1.0"
source = { editable = "tmsgpack" }
dependencies = [
    { name = "xxhash" },
    { name = "yb-tools" },
]

[package.dev-dependencies]
dev = [
    { name = "pytest" },
    { name = "pytest-asyncio" },
    { name = "pytest-timeout" },
]

[package.metadata]
requires-dist = [
    { name = "xxhash" },
    { name = "yb-tools", editable = "." },
]

[package.metadata.requires-dev]
dev = [
    { name = "pytest", specifier = ">=8.0.0" },
    { name = "pytest-asyncio", specifier = ">=0.24.0" },
    { name = "pytest-timeout", specifier = ">=2.3.0" },
]

[[package]]
name = "xxhash"
version = "3.8.1"
source = { registry = "https://pypi.org/simple" }
sdist = { url = "https://files.pythonhosted.org/packages/8e/63/71aa56b151a1b28770037a61bd4e461c2619cfc8866a4fcaf1548605e325/xxhash-3.8.1.tar.gz", hash = "sha256:b0de4bf3aa66363552d52c6a89003c479911f12098cd48a53d44a0f7a25f7c46", size = 86223, upload-time = "2026-07-06T10:49:58.937Z" }
wheels = [
    { url = "https://files.pythonhosted.org/packages/c2/8b/df2ba04f22a6cd6b39f96a6577329a8471a55c90ef8d8e2f7c102363613f/xxhash-3.8.1-cp314-cp314-android_24_arm64_v8a.whl", hash = "sha256:9db455cb649dcfe4504d6d68a6d83a7315a99a3ca59871dc3ff840671f99adba", size = 38430, upload-time = "2026-07-06T10:46:31.496Z" },
    { url = "https://files.pythonhosted.org/packages/b2/4f/6a059e8ad3ca8deedc91dfe335b211204900895152212c03ebbe721de68b/xxhash-3.8.1-cp314-cp314-android_24_x86_64.whl", hash = "sha256:affb37f152e55b5e4494bb9d0107f7bb08515c6704fbed82d9f61214d74adc17", size = 36558, upload-time = "2026-07-06T10:46:33.078Z" },
    { url = "https://files.pythonhosted.org/packages/cb/95/40be178205acce092ae418feb20ac737b32a02c7b864926ed0717354c9f8/xxhash-3.8.1-cp314-cp314-ios_13_0_arm64_iphoneos.whl", hash = "sha256:460261045936975193bfd20549a0de1cd52a33b405cbb972f0d80940c42266cd", size = 31181, upload-time = "2026-07-06T10:46:34.793Z" },
    { url = "https://files.pythonhosted.org/packages/3f/89/2da4dbf051bafa156c0e3f12012db2b0ac3b84ff37ca1f021f6bfffcdfbb/xxhash-3.8.1-cp314-cp314-ios_13_0_arm64_iphonesimulator.whl", hash = "sha256:38c887aedb696ef8bca19983206d270848558cfae4a91afa6a2fb05dde58ffc5", size = 32192, upload-time = "2026-07-06T10:46:36.393Z" },
    { url = "https://files.pythonhosted.org/packages/7c/4e/e000bbae3566bc8e0be771a8a0f294aa99075e3f0bc4ef43922ebffdebc8/xxhash-3.8.1-cp314-cp314-ios_13_0_x86_64_iphonesimulator.whl", hash = "sha256:594131ce1aad18db3689781f806db1b065cdaa04f4df36b4c038d2013aefd0bf", size = 34691, upload-time = "2026-07-06T10:46:38.1Z" },
    { url = "https://files.pythonhosted.org/packages/b4/4a/ea954aacc7d1c8711880ac2b55da94429a9b4296b151c4fc0966549ca1ee/xxhash-3.8.1-cp314-cp314-macosx_10_15_x86_64.whl", hash = "sha256:78c794b643d214f1522e7a288bcf5a2de120d26cd170516749a4009dc92722c9", size = 34807, upload-time = "2026-07-06T10:46:39.647Z" },
    { url = "https://files.pythonhosted.org/packages/ca/29/df598e738ff37558ac627264deb2e560902d9bf7f46d3bd5175c9eee593e/xxhash-3.8.1-cp314-cp314-macosx_11_0_arm64.whl", hash = "sha256:af0c9fedc4a2c24e8664953882fe8185f3790b8338c9c700f76f5ad660817711", size = 32410, upload-time = "2026-07-06T10:46:41.359Z" },
    { url = "https://files.pythonhosted.org/packages/59/9c/81ab40e7d33ada0b3df5d1bc884894d15dbf4f805cd645b685e4606bb8e0/xxhash-3.8.1-cp314-cp314-manylinux1_i686.manylinux_2_28_i686.manylinux_2_5_i686.whl", hash = "sha256:115772daeb71b2f3b9381177017f53e6cf3f3439c840737fdabd21aba6e54920", size = 220564, upload-time = "2026-07-06T10:46:43.463Z" },
    { url = "https://files.pythonhosted.org/packages/fd/6f/62ae6f5c8606320a0e2a41c2dc8c6d91cc5d63d0f84dd9582e9543779dd8/xxhash-3.8.1-cp314-cp314-manylinux2014_aarch64.manylinux_2_17_aarch64.manylinux_2_28_aarch64.whl", hash = "sha256:000435984a0469b0f822fe76f35bddea0f96a4d6521b3339a60a6428cdee1edc", size = 241462, upload-time = "2026-07-06T10:46:45.509Z" },
    { url = "https://files.pythonhosted.org/packages/15/a1/9c3a0ec6cb524396f551eddd102a76690a795494eb9784fc67542b0daa37/xxhash-3.8.1-cp314-cp314-manylinux2014_armv7l.manylinux_2_17_armv7l.manylinux_2_31_armv7l.whl", hash = "sha256:2f1c68394818e0595569c2ff3cbc1e6d5a36a434e796f5c526b987b80c8a8c62", size = 264491, upload-time = "2026-07-06T10:46:47.655Z" },
    { url = "https://files.pythonhosted.org/packages/64/f2/700a4674e4308eb59d2fdb973977e82eae231bea5044753fee5c9eec0e0c/xxhash-3.8.1-cp314-cp314-manylinux2014_ppc64le.manylinux_2_17_ppc64le.manylinux_2_28_ppc64le.whl", hash = "sha256:46b39976d008e2a845758650f0ff7136bca004f40da0c8798bd37ac37860154f", size = 242905, upload-time = "2026-07-06T10:46:49.857Z" },
    { url = "https://files.pythonhosted.org/packages/f3/8a/72d9874375c8d4cbc64a8cd1d659d5695a8765c3db82efa82dc5bd9f14d0/xxhash-3.8.1-cp314-cp314-manylinux2014_s390x.manylinux_2_17_s390x.manylinux_2_28_s390x.whl", hash = "sha256:d5006c65ec507a333479e76e00e2c368781f16c24ededa764763956b32a0e93e", size = 473873, upload-time = "2026-07-06T10:46:51.953Z" },
    { url = "https://files.pythonhosted.org/packages/03/f0/6db07590ed7e0a77f186ef0bcea8d52553bf1ba57833e09467a2411f0f2d/xxhash-3.8.1-cp314-cp314-manylinux2014_x86_64.manylinux_2_17_x86_64.manylinux_2_28_x86_64.whl", hash = "sha256:c31a2649bcf1fe97cf11c79848d761df33ac46b3896942d31b640557b486ff6b", size = 220765, upload-time = "2026-07-06T10:46:55.41Z" },
    { url = "https://files.pythonhosted.org/packages/8f/10/00d12d8b8beabbf49a8bbc626fb9f40445145a8887eb41a6acfb69149ac4/xxhash-3.8.1-cp314-cp314-manylinux_2_31_riscv64.manylinux_2_39_riscv64.whl", hash = "sha256:8f759eed402448c2bdbb492e4fba1f20668ffe29688605ea61f0f67f9e4e386d", size = 310478, upload-time = "2026-07-06T10:46:57.729Z" },
    { url = "https://files.pythonhosted.org/packages/1f/f9/12a82394eefb0f185d15a7f7b9f627c61c475a72dd83718436a5b84b42ac/xxhash-3.8.1-cp314-cp314-musllinux_1_2_aarch64.whl", hash = "sha256:7b5f97ecfede10d5b2870383620e2d25c8561e217c7bf9081073802b54248d2b", size = 238393, upload-time = "2026-07-06T10:46:59.87Z" },
    { url = "https://files.pythonhosted.org/packages/20/f3/53f963e320b9ce678337aa7273f39ce692ded8b99e3d22a866ec722159ab/xxhash-3.8.1-cp314-cp314-musllinux_1_2_armv7l.whl", hash = "sha256:1da930bbcac3e8fbe2191850e2abb57977a99348c12c4b385e1058ac1b0a9ecc", size = 268704, upload-time = "2026-07-06T10:47:01.806Z" },
    { url = "https://files.pythonhosted.org/packages/0a/50/5b5badbd87c82d9f9b5f58ac74a3f29ef08f6fc387b324b8fd482450b862/xxhash-3.8.1-cp314-cp314-musllinux_1_2_i686.whl", hash = "sha256:747476436f6891b9773374ce8d48edcc8b12cb5b61b67c6fb6289633747d088f", size = 225015, upload-time = "2026-07-06T10:47:03.784Z" },
    { url = "https://files.pythonhosted.org/packages/30/93/3ca68265afe7b4e69435e08a7b6a1d9d0f2a071e889da1f8041ed00fe878/xxhash-3.8.1-cp314-cp314-musllinux_1_2_ppc64le.whl", hash = "sha256:4ef09bbc2519a93cd0f95f2ceb5f7b85919dffea643278e02362bf40e3c4bed1", size = 240951, upload-time = "2026-07-06T10:47:05.816Z" },
    { url = "https://files.pythonhosted.org/packages/dd/a6/27e19670c40f46b5e76e11f2f4713d21054804568425d870670e757172ad/xxhash-3.8.1-cp314-cp314-musllinux_1_2_riscv64.whl", hash = "sha256:a5eed9d41995a83f3332b4e3396abb7f433cac584222bd7e305b606d8353861e", size = 300751, upload-time = "2026-07-06T10:47:07.95Z" },
    { url = "https://files.pythonhosted.org/packages/bc/fb/b33e27689959fe7ed2ae0b830af41560d65213943983afa9db3a8d481bce/xxhash-3.8.1-cp314-cp314-musllinux_1_2_s390x.whl", hash = "sha256:53f3ed9118397074ff63a79b66b7fec1c84c782eecde35c5bc94e420a971c231", size = 443480, upload-time = "2026-07-06T10:47:10Z" },
    { url = "https://files.pythonhosted.org/packages/26/60/0e0d973be5fe280753ef02fbc89349492ad6e903bf1dcb870b668f94b662/xxhash-3.8.1-cp314-cp314-musllinux_1_2_x86_64.whl", hash = "sha256:d247b34bf433c92b41689318fd25d246313cab2275a6a47e2efac178b80d6efe", size = 217657, upload-time = "2026-07-06T10:47:12.196Z" },
    { url = "https://files.pythonhosted.org/packages/ad/68/c9e3ecef4a9a417d464cb5bd200aa12f73192dee677901b9e08e0ad0d1bb/xxhash-3.8.1-cp314-cp314-win32.whl", hash = "sha256:d58ce8b6cfa9c4d2f230557f69caf7c06369e318015d0b19485095bc2c5963ab", size = 32690, upload-time = "2026-07-06T10:47:14.204Z" },
    { url = "https://files.pythonhosted.org/packages/d7/99/e9e44588c0b62837bbec5ba7927816de0afa03406b1a0b6c7a7e1d1a30a0/xxhash-3.8.1-cp314-cp314-win_amd64.whl", hash = "sha256:6cee733fe4ccb1737e0997135283c82341e5cfa9cf214b165f9087fb663aaf4f", size = 33460, upload-time = "2026-07-06T10:47:16.021Z" },
    { url = "https://files.pythonhosted.org/packages/45/2b/64f36d86380b3657ad9031967ab814f3ef31307174650853f69c18932ebc/xxhash-3.8.1-cp314-cp314-win_arm64.whl", hash = "sha256:58346024d47e84f7d8b3e7f5d6faa1d58acbbe49a8771497872059f58c1d8ea5", size = 30092, upload-time = "2026-07-06T10:47:17.81Z" },
    { url = "https://files.pythonhosted.org/packages/92/cb/18b64bff88c58a0ca209dc533e63cf02d7ae5aa6b1b9a9fd14e81b5dbd60/xxhash-3.8.1-cp314-cp314t-macosx_10_15_x86_64.whl", hash = "sha256:01cab782f8a0a05ecad2c63d7ef10f7ab475f660e0d6419d069418c14d88de7c", size = 35024, upload-time = "2026-07-06T10:47:19.821Z" },
    { url = "https://files.pythonhosted.org/packages/af/1d/72d8a70520e5dcddb472ea0486d299da3240745a10658290cd7b5690ede2/xxhash-3.8.1-cp314-cp314t-macosx_11_0_arm64.whl", hash = "sha256:717b12fdc51819833704e85e6926d76981ffa3f780ef92e33ebb8b26d46bb230", size = 32697, upload-time = "2026-07-06T10:47:21.649Z" },
    { url = "https://files.pythonhosted.org/packages/9c/b8/e041f555903c56db3d0a731b3d72a6575d75e0ed868b1bd2e5176111ca44/xxhash-3.8.1-cp314-cp314t-manylinux1_i686.manylinux_2_28_i686.manylinux_2_5_i686.whl", hash = "sha256:ec55d80e9b8a519d742669e0b49e8ce9e6747be42bf3c138158b6543a9c8e489", size = 226044, upload-time = "2026-07-06T10:47:23.612Z" },
    { url = "https://files.pythonhosted.org/packages/3a/7e/5cdcf06bf6ec4b5d2ac073feb23432ec1d603fd438864cbd2c09c7cb45e1/xxhash-3.8.1-cp314-cp314t-manylinux2014_aarch64.manylinux_2_17_aarch64.manylinux_2_28_aarch64.whl", hash = "sha256:98d8ac1129b4dd39098cffed94d1284aceb61c3aa396757ccc736ac392e4cee5", size = 249899, upload-time = "2026-07-06T10:47:25.812Z" },
    { url = "https://files.pythonhosted.org/packages/c0/c0/eb7e059cb5e1dba11fd30d2fdf882f56e5a417a3eaa43669d43623767f45/xxhash-3.8.1-cp314-cp314t-manylinux2014_armv7l.manylinux_2_17_armv7l.manylinux_2_31_armv7l.whl", hash = "sha256:3bc0fa90830df1e1277f33cc6e55de9990b83c0319fd8c7412866cfde38b025e", size = 274892, upload-time = "2026-07-06T10:47:27.931Z" },
    { url = "https://files.pythonhosted.org/packages/66/74/a600aaf7cd39957fd1510adeedb1749c1e7eb82bd632a1153d9c664c3135/xxhash-3.8.1-cp314-cp314t-manylinux2014_ppc64le.manylinux_2_17_ppc64le.manylinux_2_28_ppc64le.whl", hash = "sha256:c73b6f652f0745425aa6378319c331293b5341756262e9408ed3d45f183375e6", size = 252243, upload-time = "2026-07-06T10:47:30.288Z" },
    { url = "https://files.pythonhosted.org/packages/ad/04/78d88fa75a6763e5d09bf1b947a392a27988903381b219006f92f3c68fc8/xxhash-3.8.1-cp314-cp314t-manylinux2014_s390x.manylinux_2_17_s390x.manylinux_2_28_s390x.whl", hash = "sha256:f6114692261eff4266386cdec0f7d87eee24e317ab397c218b7ae6a76b4c6339", size = 482191, upload-time = "2026-07-06T10:47:32.45Z" },
    { url = "https://files.pythonhosted.org/packages/7f/06/07a8aea1108d682de8791ce608cdf367d75ff4e7e57cd3c154bdc6f47b23/xxhash-3.8.1-cp314-cp314t-manylinux2014_x86_64.manylinux_2_17_x86_64.manylinux_2_28_x86_64.whl", hash = "sha256:4df57c0b161ec1b3ed0526a67b0db0914b557e86ee8aae51887aec941b261542", size = 226877, upload-time = "2026-07-06T10:47:34.705Z" },
    { url = "https://files.pythonhosted.org/packages/ed/b5/86bade5618a524d2c06c4041aa2fe8e5749ce16e88afba60d67c1684a21f/xxhash-3.8.1-cp314-cp314t-manylinux_2_31_riscv64.manylinux_2_39_riscv64.whl", hash = "sha256:9043877a917be88ccf230aa5667c1bd059bce80f4c2727e4defa1b29b7f48b08", size = 319794, upload-time = "2026-07-06T10:47:37.08Z" },
    { url = "https://files.pythonhosted.org/packages/23/69/9b1a2b89b1621bb740fbcb7beb512f60f99480c1bdc680c0c90e1f56ff75/xxhash-3.8.1-cp314-cp314t-musllinux_1_2_aarch64.whl", hash = "sha256:559e3cabe522231909f9de98ef06929edbd53782046bd21aae0c72db6f2a0775", size = 246202, upload-time = "2026-07-06T10:47:39.676Z" },
    { url = "https://files.pythonhosted.org/packages/08/ea/662ed6cb49f1d34078b6a3a3e0f3d29ff93fd7b5a03c0bc9ecfd9b2159c3/xxhash-3.8.1-cp314-cp314t-musllinux_1_2_armv7l.whl", hash = "sha256:264710bd335016f303763ce1275c6486df30bb57c2245c91b224c983d7ac39b8", size = 275628, upload-time = "2026-07-06T10:47:41.99Z" },
    { url = "https://files.pythonhosted.org/packages/13/f5/49fc9e4c6728a5a3bd8fe639199d2fa67609b3a84f938aff6e8568dd3e4f/xxhash-3.8.1-cp314-cp314t-musllinux_1_2_i686.whl", hash = "sha256:e14800b9b10bb39d7a60ad4a310e403164d7b8988a27ae933d4e40618a44088e", size = 231390, upload-time = "2026-07-06T10:47:44.233Z" },
    { url = "https://files.pythonhosted.org/packages/64/9d/3acaf8f599c0e0b30e910a3a11ba32929da53c86dc73c7c55fe6a010b4e9/xxhash-3.8.1-cp314-cp314t-musllinux_1_2_ppc64le.whl", hash = "sha256:ea6a3e734b0fd41b82784a400be946821900daebe610c050a5e0760838a34f99", size = 250600, upload-time = "2026-07-06T10:47:47.611Z" },
    { url = "https://files.pythonhosted.org/packages/23/64/8acab4c5ec60dbe664b5b9858fd44c2413b07e535b09556a0a5022e78aa6/xxhash-3.8.1-cp314-cp314t-musllinux_1_2_riscv64.whl", hash = "sha256:cf399fac542a1c7a4734a435b93df2c55e858c7d31abf6c1bdf46f9ae67fbfd0", size = 310032, upload-time = "2026-07-06T10:47:49.88Z" },
    { url = "https://files.pythonhosted.org/packages/56/47/a0288d7329b1fe63e2734a32d19d444a96ae2b4810f545bc61e561224917/xxhash-3.8.1-cp314-cp314t-musllinux_1_2_s390x.whl", hash = "sha256:44c89d915a75c11d2547eaee9098fcd80398987c4bff2974a0497a925bf92c07", size = 448882, upload-time = "2026-07-06T10:47:52.631Z" },
    { url = "https://files.pythonhosted.org/packages/01/e7/3071dfd3beb5c38204ce1cf56bf7749fce08de900fa92714b81d1d8ca1f2/xxhash-3.8.1-cp314-cp314t-musllinux_1_2_x86_64.whl", hash = "sha256:358650d5bda9c635da699c53adf4e8134af492ecc79c960f917eebf088bb6799", size = 223728, upload-time = "2026-07-06T10:47:55.093Z" },
    { url = "https://files.pythonhosted.org/packages/12/11/b99949f0ba2b07e9f9ffe83b9c86faa685f9080725dc21a916a607313be5/xxhash-3.8.1-cp314-cp314t-win32.whl", hash = "sha256:c240939e963653054fc7e4a17c382829cda4aa88a7daf0af841715dbded1b497", size = 33150, upload-time = "2026-07-06T10:47:57.274Z" },
    { url = "https://files.pythonhosted.org/packages/54/1c/09703eb341f8416e74e58d6c6732d4b5c46de59c942363203cb237cc95b0/xxhash-3.8.1-cp314-cp314t-win_amd64.whl", hash = "sha256:7258ee276e8772599bc19e14b36f6260306e21b637190cd7cb489a2449d48684", size = 34005, upload-time = "2026-07-06T10:47:59.434Z" },
    { url = "https://files.pythonhosted.org/packages/d6/f9/6ed7251bb6a8af10ac73b1821c60583d2826e5b2064e45a979c935287c98/xxhash-3.8.1-cp314-cp314t-win_arm64.whl", hash = "sha256:8f454166c2ffed45636c8d501741e649851ba2f346c4eb73a64c07ac00428f20", size = 30239, upload-time = "2026-07-06T10:48:01.874Z" },
]

[[package]]
name = "yb-tools"
version = "0.1.0"
source = { editable = "." }

[package.optional-dependencies]
tmsgpack = [
    { name = "tmsgpack" },
]

[package.dev-dependencies]
dev = [
    { name = "pytest" },
    { name = "pytest-asyncio" },
    { name = "pytest-timeout" },
]

[package.metadata]
requires-dist = [{ name = "tmsgpack", marker = "extra == 'tmsgpack'", editable = "tmsgpack" }]
provides-extras = ["tmsgpack"]

[package.metadata.requires-dev]
dev = [
    { name = "pytest", specifier = ">=8.0.0" },
    { name = "pytest-asyncio", specifier = ">=0.24.0" },
    { name = "pytest-timeout", specifier = ">=2.3.0" },
]
